
Microsoft Visual Studio Solution File, Format Version 12.00
# Visual Studio Version 16
VisualStudioVersion = 16.0.29806.167
MinimumVisualStudioVersion = 10.0.40219.1
Project("{FAE04EC0-301F-11D3-BF4B-00C04F79EFBC}") = "Mod Making", "Mod Making\Mod Making.csproj", "{DADA29C6-30F8-4CDB-8A38-7187CC2DD9AE}"
EndProject
Project("{2150E333-8FDC-42A3-9474-1A3956D46DE8}") = "Solution Items", "Solution Items", "{7FD8071D-A15B-4A5F-B10C-410E6EC6B1AE}"
	ProjectSection(SolutionItems) = preProject
		.editorconfig = .editorconfig
	EndProjectSection
EndProject
Global
	GlobalSection(SolutionConfigurationPlatforms) = preSolution
		Debug|Any CPU = Debug|Any CPU
		Release|Any CPU = Release|Any CPU
	EndGlobalSection
	GlobalSection(ProjectConfigurationPlatforms) = postSolution
		{DADA29C6-30F8-4CDB-8A38-7187CC2DD9AE}.Debug|Any CPU.ActiveCfg = Debug|Any CPU
		{DADA29C6-30F8-4CDB-8A38-7187CC2DD9AE}.Debug|Any CPU.Build.0 = Debug|Any CPU
		{DADA29C6-30F8-4CDB-8A38-7187CC2DD9AE}.Release|Any CPU.ActiveCfg = Release|Any CPU
		{DADA29C6-30F8-4CDB-8A38-7187CC2DD9AE}.Release|Any CPU.Build.0 = Release|Any CPU
	EndGlobalSection
	GlobalSection(SolutionProperties) = preSolution
		HideSolutionNode = FALSE
	EndGlobalSection
	GlobalSection(ExtensibilityGlobals) = postSolution
		SolutionGuid = {AF9B63CE-970D-4E65-90E9-6DAA05ED71E2}
	EndGlobalSection
EndGlobal
